// !$*UTF8*$!
{
	archiveVersion = 1;
	classes = {
	};
	objectVersion = 54;
	objects = {

/* Begin PBXBuildFile section */
		451F29F040C62C2BB5090A0F /* ReadingSessionService.swift in Sources */ = {isa = PBXBuildFile; fileRef = 413F4C6C514DE84475A4FAC9 /* ReadingSessionService.swift */; };
		45208CACF40F384F97A54694 /* TranslationBubble.swift in Sources */ = {isa = PBXBuildFile; fileRef = 118030730CE23A55F56348C6 /* TranslationBubble.swift */; };
		56AC2ABE5E31978FE48667BC /* KeychainService.swift in Sources */ = {isa = PBXBuildFile; fileRef = 5CCD461E2D4F5040353B72CA /* KeychainService.swift */; };
		58DC9080F122AACCAE61E68F /* BridgeService.swift in Sources */ = {isa = PBXBuildFile; fileRef = 786389E3C5FBF81AC1310BE2 /* BridgeService.swift */; };
		7DAD6388EE7586BF289026DB /* AppState.swift in Sources */ = {isa = PBXBuildFile; fileRef = 42C03FEB23EBFCF547A5F249 /* AppState.swift */; };
		81A5F2E930AD9DA2AB606A24 /* ReflectPDFApp.swift in Sources */ = {isa = PBXBuildFile; fileRef = C9D5484AF0200487E98F461D /* ReflectPDFApp.swift */; };
		942955BAD3CA533C5A78683D /* AudioService.swift in Sources */ = {isa = PBXBuildFile; fileRef = F54D5A8571A0DEDC5338F917 /* AudioService.swift */; };
		9566D7F1E03481E10923B3D1 /* PDFReaderView.swift in Sources */ = {isa = PBXBuildFile; fileRef = 69A2FD4FAC93087A7A2D6297 /* PDFReaderView.swift */; };
		BA4D9E374EB8EB7B7F9D8F02 /* LibrarySidebarView.swift in Sources */ = {isa = PBXBuildFile; fileRef = C2F5E30F892C595CA4A320A9 /* LibrarySidebarView.swift */; };
		D826EA089FD83434687F942A /* ContentView.swift in Sources */ = {isa = PBXBuildFile; fileRef = AC6878E2389E10A45E25CF33 /* ContentView.swift */; };
		DB1A0FFF0413F953957F0FE1 /* SettingsView.swift in Sources */ = {isa = PBXBuildFile; fileRef = C072002BC205973DFF6067E0 /* SettingsView.swift */; };
		EC4B6F787C52919CC3C1AE94 /* VocabularyListView.swift in Sources */ = {isa = PBXBuildFile; fileRef = B1E041B7042F1F30E33FE052 /* VocabularyListView.swift */; };
/* End PBXBuildFile section */

/* Begin PBXFileReference section */
		118030730CE23A55F56348C6 /* TranslationBubble.swift */ = {isa = PBXFileReference; lastKnownFileType = sourcecode.swift; path = TranslationBubble.swift; sourceTree = "<group>"; };
		20C8374DC6143C428379B877 /* ReflectPDF.entitlements */ = {isa = PBXFileReference; lastKnownFileType = text.plist.entitlements; path = ReflectPDF.entitlements; sourceTree = "<group>"; };
		413F4C6C514DE84475A4FAC9 /* ReadingSessionService.swift */ = {isa = PBXFileReference; lastKnownFileType = sourcecode.swift; path = ReadingSessionService.swift; sourceTree = "<group>"; };
		42C03FEB23EBFCF547A5F249 /* AppState.swift */ = {isa = PBXFileReference; lastKnownFileType = sourcecode.swift; path = AppState.swift; sourceTree = "<group>"; };
		5CCD461E2D4F5040353B72CA /* KeychainService.swift */ = {isa = PBXFileReference; lastKnownFileType = sourcecode.swift; path = KeychainService.swift; sourceTree = "<group>"; };
		69A2FD4FAC93087A7A2D6297 /* PDFReaderView.swift */ = {isa = PBXFileReference; lastKnownFileType = sourcecode.swift; path = PDFReaderView.swift; sourceTree = "<group>"; };
		786389E3C5FBF81AC1310BE2 /* BridgeService.swift */ = {isa = PBXFileReference; lastKnownFileType = sourcecode.swift; path = BridgeService.swift; sourceTree = "<group>"; };
		AC6878E2389E10A45E25CF33 /* ContentView.swift */ = {isa = PBXFileReference; lastKnownFileType = sourcecode.swift; path = ContentView.swift; sourceTree = "<group>"; };
		B1E041B7042F1F30E33FE052 /* VocabularyListView.swift */ = {isa = PBXFileReference; lastKnownFileType = sourcecode.swift; path = VocabularyListView.swift; sourceTree = "<group>"; };
		BB3A04B71FBBA9D03617113E /* Info.plist */ = {isa = PBXFileReference; lastKnownFileType = text.plist; path = Info.plist; sourceTree = "<group>"; };
		C072002BC205973DFF6067E0 /* SettingsView.swift */ = {isa = PBXFileReference; lastKnownFileType = sourcecode.swift; path = SettingsView.swift; sourceTree = "<group>"; };
		C2F5E30F892C595CA4A320A9 /* LibrarySidebarView.swift */ = {isa = PBXFileReference; lastKnownFileType = sourcecode.swift; path = LibrarySidebarView.swift; sourceTree = "<group>"; };
		C9D5484AF0200487E98F461D /* ReflectPDFApp.swift */ = {isa = PBXFileReference; lastKnownFileType = sourcecode.swift; path = ReflectPDFApp.swift; sourceTree = "<group>"; };
		D67CD223FAC344083BD90268 /* ReflectPDF.app */ = {isa = PBXFileReference; explicitFileType = wrapper.application; includeInIndex = 0; path = ReflectPDF.app; sourceTree = BUILT_PRODUCTS_DIR; };
		F54D5A8571A0DEDC5338F917 /* AudioService.swift */ = {isa = PBXFileReference; lastKnownFileType = sourcecode.swift; path = AudioService.swift; sourceTree = "<group>"; };
/* End PBXFileReference section */

/* Begin PBXGroup section */
		48AB3008D5AD04318348097B = {
			isa = PBXGroup;
			children = (
				EB9914D5B5D0DE7DF70A9F62 /* ReflectPDF */,
				7B6B2A2A5EF40F6CD44A6710 /* Products */,
			);
			sourceTree = "<group>";
		};
		691F8E4AB1A08CEE137B49EE /* Generated */ = {
			isa = PBXGroup;
			children = (
			);
			path = Generated;
			sourceTree = "<group>";
		};
		7B6B2A2A5EF40F6CD44A6710 /* Products */ = {
			isa = PBXGroup;
			children = (
				D67CD223FAC344083BD90268 /* ReflectPDF.app */,
			);
			name = Products;
			sourceTree = "<group>";
		};
		B423442D79B479C2EB27EFD2 /* Views */ = {
			isa = PBXGroup;
			children = (
				AC6878E2389E10A45E25CF33 /* ContentView.swift */,
				C2F5E30F892C595CA4A320A9 /* LibrarySidebarView.swift */,
				69A2FD4FAC93087A7A2D6297 /* PDFReaderView.swift */,
				C072002BC205973DFF6067E0 /* SettingsView.swift */,
				118030730CE23A55F56348C6 /* TranslationBubble.swift */,
				B1E041B7042F1F30E33FE052 /* VocabularyListView.swift */,
			);
			path = Views;
			sourceTree = "<group>";
		};
		EB9914D5B5D0DE7DF70A9F62 /* ReflectPDF */ = {
			isa = PBXGroup;
			children = (
				BB3A04B71FBBA9D03617113E /* Info.plist */,
				20C8374DC6143C428379B877 /* ReflectPDF.entitlements */,
				EF3A9D94EFCE767510805421 /* App */,
				691F8E4AB1A08CEE137B49EE /* Generated */,
				EE0EC54CBC92617ABBED3B73 /* Services */,
				B423442D79B479C2EB27EFD2 /* Views */,
			);
			path = ReflectPDF;
			sourceTree = "<group>";
		};
		EE0EC54CBC92617ABBED3B73 /* Services */ = {
			isa = PBXGroup;
			children = (
				F54D5A8571A0DEDC5338F917 /* AudioService.swift */,
				786389E3C5FBF81AC1310BE2 /* BridgeService.swift */,
				5CCD461E2D4F5040353B72CA /* KeychainService.swift */,
				413F4C6C514DE84475A4FAC9 /* ReadingSessionService.swift */,
			);
			path = Services;
			sourceTree = "<group>";
		};
		EF3A9D94EFCE767510805421 /* App */ = {
			isa = PBXGroup;
			children = (
				42C03FEB23EBFCF547A5F249 /* AppState.swift */,
				C9D5484AF0200487E98F461D /* ReflectPDFApp.swift */,
			);
			path = App;
			sourceTree = "<group>";
		};
/* End PBXGroup section */

/* Begin PBXNativeTarget section */
		C99E0F60B084662AE0BC16A2 /* ReflectPDF */ = {
			isa = PBXNativeTarget;
			buildConfigurationList = FD1C71309EE784E05E62BBE5 /* Build configuration list for PBXNativeTarget "ReflectPDF" */;
			buildPhases = (
				D0CE9034E9724DB357D9A479 /* Sources */,
			);
			buildRules = (
			);
			dependencies = (
			);
			name = ReflectPDF;
			productName = ReflectPDF;
			productReference = D67CD223FAC344083BD90268 /* ReflectPDF.app */;
			productType = "com.apple.product-type.application";
		};
/* End PBXNativeTarget section */

/* Begin PBXProject section */
		CD73490924260613536965BA /* Project object */ = {
			isa = PBXProject;
			attributes = {
				BuildIndependentTargetsInParallel = YES;
				LastUpgradeCheck = 1500;
				TargetAttributes = {
					C99E0F60B084662AE0BC16A2 = {
						DevelopmentTeam = "";
						ProvisioningStyle = Automatic;
					};
				};
			};
			buildConfigurationList = 6162BAEA4BA7514AC802A646 /* Build configuration list for PBXProject "ReflectPDF" */;
			compatibilityVersion = "Xcode 14.0";
			developmentRegion = en;
			hasScannedForEncodings = 0;
			knownRegions = (
				Base,
				en,
			);
			mainGroup = 48AB3008D5AD04318348097B;
			projectDirPath = "";
			projectRoot = "";
			targets = (
				C99E0F60B084662AE0BC16A2 /* ReflectPDF */,
			);
		};
/* End PBXProject section */

/* Begin PBXSourcesBuildPhase section */
		D0CE9034E9724DB357D9A479 /* Sources */ = {
			isa = PBXSourcesBuildPhase;
			buildActionMask = 2147483647;
			files = (
				7DAD6388EE7586BF289026DB /* AppState.swift in Sources */,
				942955BAD3CA533C5A78683D /* AudioService.swift in Sources */,
				58DC9080F122AACCAE61E68F /* BridgeService.swift in Sources */,
				D826EA089FD83434687F942A /* ContentView.swift in Sources */,
				56AC2ABE5E31978FE48667BC /* KeychainService.swift in Sources */,
				BA4D9E374EB8EB7B7F9D8F02 /* LibrarySidebarView.swift in Sources */,
				9566D7F1E03481E10923B3D1 /* PDFReaderView.swift in Sources */,
				451F29F040C62C2BB5090A0F /* ReadingSessionService.swift in Sources */,
				81A5F2E930AD9DA2AB606A24 /* ReflectPDFApp.swift in Sources */,
				DB1A0FFF0413F953957F0FE1 /* SettingsView.swift in Sources */,
				45208CACF40F384F97A54694 /* TranslationBubble.swift in Sources */,
				EC4B6F787C52919CC3C1AE94 /* VocabularyListView.swift in Sources */,
			);
			runOnlyForDeploymentPostprocessing = 0;
		};
/* End PBXSourcesBuildPhase section */

/* Begin XCBuildConfiguration section */
		32A6BFFC7277F4174C0F50CE /* Release */ = {
			isa = XCBuildConfiguration;
			buildSettings = {
				ALWAYS_SEARCH_USER_PATHS = NO;
				CLANG_ANALYZER_NONNULL = YES;
				CLANG_ANALYZER_NUMBER_OBJECT_CONVERSION = YES_AGGRESSIVE;
				CLANG_CXX_LANGUAGE_STANDARD = "gnu++14";
				CLANG_CXX_LIBRARY = "libc++";
				CLANG_ENABLE_MODULES = YES;
				CLANG_ENABLE_OBJC_ARC = YES;
				CLANG_ENABLE_OBJC_WEAK = YES;
				CLANG_WARN_BLOCK_CAPTURE_AUTORELEASING = YES;
				CLANG_WARN_BOOL_CONVERSION = YES;
				CLANG_WARN_COMMA = YES;
				CLANG_WARN_CONSTANT_CONVERSION = YES;
				CLANG_WARN_DEPRECATED_OBJC_IMPLEMENTATIONS = YES;
				CLANG_WARN_DIRECT_OBJC_ISA_USAGE = YES_ERROR;
				CLANG_WARN_DOCUMENTATION_COMMENTS = YES;
				CLANG_WARN_EMPTY_BODY = YES;
				CLANG_WARN_ENUM_CONVERSION = YES;
				CLANG_WARN_INFINITE_RECURSION = YES;
				CLANG_WARN_INT_CONVERSION = YES;
				CLANG_WARN_NON_LITERAL_NULL_CONVERSION = YES;
				CLANG_WARN_OBJC_IMPLICIT_RETAIN_SELF = YES;
				CLANG_WARN_OBJC_LITERAL_CONVERSION = YES;
				CLANG_WARN_OBJC_ROOT_CLASS = YES_ERROR;
				CLANG_WARN_QUOTED_INCLUDE_IN_FRAMEWORK_HEADER = YES;
				CLANG_WARN_RANGE_LOOP_ANALYSIS = YES;
				CLANG_WARN_STRICT_PROTOTYPES = YES;
				CLANG_WARN_SUSPICIOUS_MOVE = YES;
				CLANG_WARN_UNGUARDED_AVAILABILITY = YES_AGGRESSIVE;
				CLANG_WARN_UNREACHABLE_CODE = YES;
				CLANG_WARN__DUPLICATE_METHOD_MATCH = YES;
				CODE_SIGN_STYLE = Automatic;
				COPY_PHASE_STRIP = NO;
				DEBUG_INFORMATION_FORMAT = "dwarf-with-dsym";
				DEVELOPMENT_TEAM = "";
				ENABLE_HARDENED_RUNTIME = YES;
				ENABLE_NS_ASSERTIONS = NO;
				ENABLE_STRICT_OBJC_MSGSEND = YES;
				GCC_C_LANGUAGE_STANDARD = gnu11;
				GCC_NO_COMMON_BLOCKS = YES;
				GCC_WARN_64_TO_32_BIT_CONVERSION = YES;
				GCC_WARN_ABOUT_RETURN_TYPE = YES_ERROR;
				GCC_WARN_UNDECLARED_SELECTOR = YES;
				GCC_WARN_UNINITIALIZED_AUTOS = YES_AGGRESSIVE;
				GCC_WARN_UNUSED_FUNCTION = YES;
				GCC_WARN_UNUSED_VARIABLE = YES;
				MACOSX_DEPLOYMENT_TARGET = 13.0;
				MTL_ENABLE_DEBUG_INFO = NO;
				MTL_FAST_MATH = YES;
				PRODUCT_NAME = "$(TARGET_NAME)";
				SDKROOT = macosx;
				SWIFT_COMPILATION_MODE = wholemodule;
				SWIFT_OPTIMIZATION_LEVEL = "-O";
				SWIFT_VERSION = 5.9;
			};
			name = Release;
		};
		3DCAEB0F1DABF2CC0F539EBA /* Release */ = {
			isa = XCBuildConfiguration;
			buildSettings = {
				ASSETCATALOG_COMPILER_APPICON_NAME = AppIcon;
				CODE_SIGN_ENTITLEMENTS = ReflectPDF/ReflectPDF.entitlements;
				COMBINE_HIDPI_IMAGES = YES;
				ENABLE_PREVIEWS = YES;
				HEADER_SEARCH_PATHS = "$(inherited) $(PROJECT_DIR)/ReflectPDF/Generated";
				INFOPLIST_FILE = ReflectPDF/Info.plist;
				LD_RUNPATH_SEARCH_PATHS = "$(inherited) @executable_path/../Frameworks";
				LIBRARY_SEARCH_PATHS = "$(inherited) $(PROJECT_DIR)/ReflectPDF/Generated";
				MACOSX_DEPLOYMENT_TARGET = 13.0;
				OTHER_LDFLAGS = "$(inherited) -lreflect_pdf_core";
				PRODUCT_BUNDLE_IDENTIFIER = com.reflectpdf.app;
				PRODUCT_NAME = ReflectPDF;
				SDKROOT = macosx;
				SWIFT_OBJC_BRIDGING_HEADER = "";
			};
			name = Release;
		};
		4808AC775873141D7941795E /* Debug */ = {
			isa = XCBuildConfiguration;
			buildSettings = {
				ASSETCATALOG_COMPILER_APPICON_NAME = AppIcon;
				CODE_SIGN_ENTITLEMENTS = ReflectPDF/ReflectPDF.entitlements;
				COMBINE_HIDPI_IMAGES = YES;
				ENABLE_PREVIEWS = YES;
				HEADER_SEARCH_PATHS = "$(inherited) $(PROJECT_DIR)/ReflectPDF/Generated";
				INFOPLIST_FILE = ReflectPDF/Info.plist;
				LD_RUNPATH_SEARCH_PATHS = "$(inherited) @executable_path/../Frameworks";
				LIBRARY_SEARCH_PATHS = "$(inherited) $(PROJECT_DIR)/ReflectPDF/Generated";
				MACOSX_DEPLOYMENT_TARGET = 13.0;
				OTHER_LDFLAGS = "$(inherited) -lreflect_pdf_core";
				PRODUCT_BUNDLE_IDENTIFIER = com.reflectpdf.app;
				PRODUCT_NAME = ReflectPDF;
				SDKROOT = macosx;
				SWIFT_OBJC_BRIDGING_HEADER = "";
			};
			name = Debug;
		};
		B2F5DD1552FC33F7587DAB65 /* Debug */ = {
			isa = XCBuildConfiguration;
			buildSettings = {
				ALWAYS_SEARCH_USER_PATHS = NO;
				CLANG_ANALYZER_NONNULL = YES;
				CLANG_ANALYZER_NUMBER_OBJECT_CONVERSION = YES_AGGRESSIVE;
				CLANG_CXX_LANGUAGE_STANDARD = "gnu++14";
				CLANG_CXX_LIBRARY = "libc++";
				CLANG_ENABLE_MODULES = YES;
				CLANG_ENABLE_OBJC_ARC = YES;
				CLANG_ENABLE_OBJC_WEAK = YES;
				CLANG_WARN_BLOCK_CAPTURE_AUTORELEASING = YES;
				CLANG_WARN_BOOL_CONVERSION = YES;
				CLANG_WARN_COMMA = YES;
				CLANG_WARN_CONSTANT_CONVERSION = YES;
				CLANG_WARN_DEPRECATED_OBJC_IMPLEMENTATIONS = YES;
				CLANG_WARN_DIRECT_OBJC_ISA_USAGE = YES_ERROR;
				CLANG_WARN_DOCUMENTATION_COMMENTS = YES;
				CLANG_WARN_EMPTY_BODY = YES;
				CLANG_WARN_ENUM_CONVERSION = YES;
				CLANG_WARN_INFINITE_RECURSION = YES;
				CLANG_WARN_INT_CONVERSION = YES;
				CLANG_WARN_NON_LITERAL_NULL_CONVERSION = YES;
				CLANG_WARN_OBJC_IMPLICIT_RETAIN_SELF = YES;
				CLANG_WARN_OBJC_LITERAL_CONVERSION = YES;
				CLANG_WARN_OBJC_ROOT_CLASS = YES_ERROR;
				CLANG_WARN_QUOTED_INCLUDE_IN_FRAMEWORK_HEADER = YES;
				CLANG_WARN_RANGE_LOOP_ANALYSIS = YES;
				CLANG_WARN_STRICT_PROTOTYPES = YES;
				CLANG_WARN_SUSPICIOUS_MOVE = YES;
				CLANG_WARN_UNGUARDED_AVAILABILITY = YES_AGGRESSIVE;
				CLANG_WARN_UNREACHABLE_CODE = YES;
				CLANG_WARN__DUPLICATE_METHOD_MATCH = YES;
				CODE_SIGN_STYLE = Automatic;
				COPY_PHASE_STRIP = NO;
				DEBUG_INFORMATION_FORMAT = dwarf;
				DEVELOPMENT_TEAM = "";
				ENABLE_HARDENED_RUNTIME = YES;
				ENABLE_STRICT_OBJC_MSGSEND = YES;
				ENABLE_TESTABILITY = YES;
				GCC_C_LANGUAGE_STANDARD = gnu11;
				GCC_DYNAMIC_NO_PIC = NO;
				GCC_NO_COMMON_BLOCKS = YES;
				GCC_OPTIMIZATION_LEVEL = 0;
				GCC_PREPROCESSOR_DEFINITIONS = (
					"$(inherited)",
					"DEBUG=1",
				);
				GCC_WARN_64_TO_32_BIT_CONVERSION = YES;
				GCC_WARN_ABOUT_RETURN_TYPE = YES_ERROR;
				GCC_WARN_UNDECLARED_SELECTOR = YES;
				GCC_WARN_UNINITIALIZED_AUTOS = YES_AGGRESSIVE;
				GCC_WARN_UNUSED_FUNCTION = YES;
				GCC_WARN_UNUSED_VARIABLE = YES;
				MACOSX_DEPLOYMENT_TARGET = 13.0;
				MTL_ENABLE_DEBUG_INFO = INCLUDE_SOURCE;
				MTL_FAST_MATH = YES;
				ONLY_ACTIVE_ARCH = YES;
				PRODUCT_NAME = "$(TARGET_NAME)";
				SDKROOT = macosx;
				SWIFT_ACTIVE_COMPILATION_CONDITIONS = DEBUG;
				SWIFT_OPTIMIZATION_LEVEL = "-Onone";
				SWIFT_VERSION = 5.9;
			};
			name = Debug;
		};
/* End XCBuildConfiguration section */

/* Begin XCConfigurationList section */
		6162BAEA4BA7514AC802A646 /* Build configuration list for PBXProject "ReflectPDF" */ = {
			isa = XCConfigurationList;
			buildConfigurations = (
				B2F5DD1552FC33F7587DAB65 /* Debug */,
				32A6BFFC7277F4174C0F50CE /* Release */,
			);
			defaultConfigurationIsVisible = 0;
			defaultConfigurationName = Debug;
		};
		FD1C71309EE784E05E62BBE5 /* Build configuration list for PBXNativeTarget "ReflectPDF" */ = {
			isa = XCConfigurationList;
			buildConfigurations = (
				4808AC775873141D7941795E /* Debug */,
				3DCAEB0F1DABF2CC0F539EBA /* Release */,
			);
			defaultConfigurationIsVisible = 0;
			defaultConfigurationName = Debug;
		};
/* End XCConfigurationList section */
	};
	rootObject = CD73490924260613536965BA /* Project object */;
}
